// !$*UTF8*$!
{
	archiveVersion = 1;
	classes = {
	};
	objectVersion = 46;
	objects = {

/* Begin PBXBuildFile section */
		043AC27A201C248D00054A0C /* main.cpp in Sources */ = {isa = PBXBuildFile; fileRef = 043AC279201C248D00054A0C /* main.cpp */; };
		043AC282201C254700054A0C /* GLUT.framework in Frameworks */ = {isa = PBXBuildFile; fileRef = 043AC281201C254700054A0C /* GLUT.framework */; };
		043AC284201C254F00054A0C /* OpenGL.framework in Frameworks */ = {isa = PBXBuildFile; fileRef = 043AC283201C254F00054A0C /* OpenGL.framework */; };
		043AC286201C258800054A0C /* libGLEW.2.1.0.dylib in Frameworks */ = {isa = PBXBuildFile; fileRef = 043AC285201C258800054A0C /* libGLEW.2.1.0.dylib */; };
		043AC288201C259900054A0C /* libglfw.3.2.dylib in Frameworks */ = {isa = PBXBuildFile; fileRef = 043AC287201C259900054A0C /* libglfw.3.2.dylib */; };
		043AC28A201C265B00054A0C /* libgltools.dylib in Frameworks */ = {isa = PBXBuildFile; fileRef = 043AC289201C265B00054A0C /* libgltools.dylib */; };
/* End PBXBuildFile section */

/* Begin PBXCopyFilesBuildPhase section */
		043AC274201C248D00054A0C /* CopyFiles */ = {
			isa = PBXCopyFilesBuildPhase;
			buildActionMask = 2147483647;
			dstPath = /usr/share/man/man1/;
			dstSubfolderSpec = 0;
			files = (
			);
			runOnlyForDeploymentPostprocessing = 1;
		};
/* End PBXCopyFilesBuildPhase section */

/* Begin PBXFileReference section */
		043AC276201C248D00054A0C /* opengl3 */ = {isa = PBXFileReference; explicitFileType = "compiled.mach-o.executable"; includeInIndex = 0; path = opengl3; sourceTree = BUILT_PRODUCTS_DIR; };
		043AC279201C248D00054A0C /* main.cpp */ = {isa = PBXFileReference; lastKnownFileType = sourcecode.cpp.cpp; path = main.cpp; sourceTree = "<group>"; };
		043AC281201C254700054A0C /* GLUT.framework */ = {isa = PBXFileReference; lastKnownFileType = wrapper.framework; name = GLUT.framework; path = System/Library/Frameworks/GLUT.framework; sourceTree = SDKROOT; };
		043AC283201C254F00054A0C /* OpenGL.framework */ = {isa = PBXFileReference; lastKnownFileType = wrapper.framework; name = OpenGL.framework; path = System/Library/Frameworks/OpenGL.framework; sourceTree = SDKROOT; };
		043AC285201C258800054A0C /* libGLEW.2.1.0.dylib */ = {isa = PBXFileReference; lastKnownFileType = "compiled.mach-o.dylib"; name = libGLEW.2.1.0.dylib; path = ../../../../../usr/local/Cellar/glew/2.1.0/lib/libGLEW.2.1.0.dylib; sourceTree = "<group>"; };
		043AC287201C259900054A0C /* libglfw.3.2.dylib */ = {isa = PBXFileReference; lastKnownFileType = "compiled.mach-o.dylib"; name = libglfw.3.2.dylib; path = ../../../../../usr/local/Cellar/glfw/3.2.1/lib/libglfw.3.2.dylib; sourceTree = "<group>"; };
		043AC289201C265B00054A0C /* libgltools.dylib */ = {isa = PBXFileReference; lastKnownFileType = "compiled.mach-o.dylib"; name = libgltools.dylib; path = ../../../../../usr/local/lib/libgltools.dylib; sourceTree = "<group>"; };
/* End PBXFileReference section */

/* Begin PBXFrameworksBuildPhase section */
		043AC273201C248D00054A0C /* Frameworks */ = {
			isa = PBXFrameworksBuildPhase;
			buildActionMask = 2147483647;
			files = (
				043AC284201C254F00054A0C /* OpenGL.framework in Frameworks */,
				043AC282201C254700054A0C /* GLUT.framework in Frameworks */,
				043AC286201C258800054A0C /* libGLEW.2.1.0.dylib in Frameworks */,
				043AC28A201C265B00054A0C /* libgltools.dylib in Frameworks */,
				043AC288201C259900054A0C /* libglfw.3.2.dylib in Frameworks */,
			);
			runOnlyForDeploymentPostprocessing = 0;
		};
/* End PBXFrameworksBuildPhase section */

/* Begin PBXGroup section */
		043AC26D201C248D00054A0C = {
			isa = PBXGroup;
			children = (
				043AC278201C248D00054A0C /* opengl3 */,
				043AC277201C248D00054A0C /* Products */,
				043AC280201C254700054A0C /* Frameworks */,
			);
			sourceTree = "<group>";
		};
		043AC277201C248D00054A0C /* Products */ = {
			isa = PBXGroup;
			children = (
				043AC276201C248D00054A0C /* opengl3 */,
			);
			name = Products;
			sourceTree = "<group>";
		};
		043AC278201C248D00054A0C /* opengl3 */ = {
			isa = PBXGroup;
			children = (
				043AC279201C248D00054A0C /* main.cpp */,
			);
			path = opengl3;
			sourceTree = "<group>";
		};
		043AC280201C254700054A0C /* Frameworks */ = {
			isa = PBXGroup;
			children = (
				043AC289201C265B00054A0C /* libgltools.dylib */,
				043AC287201C259900054A0C /* libglfw.3.2.dylib */,
				043AC285201C258800054A0C /* libGLEW.2.1.0.dylib */,
				043AC283201C254F00054A0C /* OpenGL.framework */,
				043AC281201C254700054A0C /* GLUT.framework */,
			);
			name = Frameworks;
			sourceTree = "<group>";
		};
/* End PBXGroup section */

/* Begin PBXNativeTarget section */
		043AC275201C248D00054A0C /* opengl3 */ = {
			isa = PBXNativeTarget;
			buildConfigurationList = 043AC27D201C248D00054A0C /* Build configuration list for PBXNativeTarget "opengl3" */;
			buildPhases = (
				043AC272201C248D00054A0C /* Sources */,
				043AC273201C248D00054A0C /* Frameworks */,
				043AC274201C248D00054A0C /* CopyFiles */,
			);
			buildRules = (
			);
			dependencies = (
			);
			name = opengl3;
			productName = opengl3;
			productReference = 043AC276201C248D00054A0C /* opengl3 */;
			productType = "com.apple.product-type.tool";
		};
/* End PBXNativeTarget section */

/* Begin PBXProject section */
		043AC26E201C248D00054A0C /* Project object */ = {
			isa = PBXProject;
			attributes = {
				LastUpgradeCheck = 0820;
				ORGANIZATIONNAME = mac;
				TargetAttributes = {
					043AC275201C248D00054A0C = {
						CreatedOnToolsVersion = 8.2;
						ProvisioningStyle = Automatic;
					};
				};
			};
			buildConfigurationList = 043AC271201C248D00054A0C /* Build configuration list for PBXProject "opengl3" */;
			compatibilityVersion = "Xcode 3.2";
			developmentRegion = English;
			hasScannedForEncodings = 0;
			knownRegions = (
				en,
			);
			mainGroup = 043AC26D201C248D00054A0C;
			productRefGroup = 043AC277201C248D00054A0C /* Products */;
			projectDirPath = "";
			projectRoot = "";
			targets = (
				043AC275201C248D00054A0C /* opengl3 */,
			);
		};
/* End PBXProject section */

/* Begin PBXSourcesBuildPhase section */
		043AC272201C248D00054A0C /* Sources */ = {
			isa = PBXSourcesBuildPhase;
			buildActionMask = 2147483647;
			files = (
				043AC27A201C248D00054A0C /* main.cpp in Sources */,
			);
			runOnlyForDeploymentPostprocessing = 0;
		};
/* End PBXSourcesBuildPhase section */

/* Begin XCBuildConfiguration section */
		043AC27B201C248D00054A0C /* Debug */ = {
			isa = XCBuildConfiguration;
			buildSettings = {
				ALWAYS_SEARCH_USER_PATHS = NO;
				CLANG_ANALYZER_NONNULL = YES;
				CLANG_CXX_LANGUAGE_STANDARD = "gnu++0x";
				CLANG_CXX_LIBRARY = "libc++";
				CLANG_ENABLE_MODULES = YES;
				CLANG_ENABLE_OBJC_ARC = YES;
				CLANG_WARN_BOOL_CONVERSION = YES;
				CLANG_WARN_CONSTANT_CONVERSION = YES;
				CLANG_WARN_DIRECT_OBJC_ISA_USAGE = YES_ERROR;
				CLANG_WARN_DOCUMENTATION_COMMENTS = YES;
				CLANG_WARN_EMPTY_BODY = YES;
				CLANG_WARN_ENUM_CONVERSION = YES;
				CLANG_WARN_INFINITE_RECURSION = YES;
				CLANG_WARN_INT_CONVERSION = YES;
				CLANG_WARN_OBJC_ROOT_CLASS = YES_ERROR;
				CLANG_WARN_SUSPICIOUS_MOVE = YES;
				CLANG_WARN_UNREACHABLE_CODE = YES;
				CLANG_WARN__DUPLICATE_METHOD_MATCH = YES;
				CODE_SIGN_IDENTITY = "-";
				COPY_PHASE_STRIP = NO;
				DEBUG_INFORMATION_FORMAT = dwarf;
				ENABLE_STRICT_OBJC_MSGSEND = YES;
				ENABLE_TESTABILITY = YES;
				GCC_C_LANGUAGE_STANDARD = gnu99;
				GCC_DYNAMIC_NO_PIC = NO;
				GCC_NO_COMMON_BLOCKS = YES;
				GCC_OPTIMIZATION_LEVEL = 0;
				GCC_PREPROCESSOR_DEFINITIONS = (
					"DEBUG=1",
					"$(inherited)",
				);
				GCC_WARN_64_TO_32_BIT_CONVERSION = YES;
				GCC_WARN_ABOUT_RETURN_TYPE = YES_ERROR;
				GCC_WARN_UNDECLARED_SELECTOR = YES;
				GCC_WARN_UNINITIALIZED_AUTOS = YES_AGGRESSIVE;
				GCC_WARN_UNUSED_FUNCTION = YES;
				GCC_WARN_UNUSED_VARIABLE = YES;
				MACOSX_DEPLOYMENT_TARGET = 10.11;
				MTL_ENABLE_DEBUG_INFO = YES;
				ONLY_ACTIVE_ARCH = YES;
				SDKROOT = macosx;
			};
			name = Debug;
		};
		043AC27C201C248D00054A0C /* Release */ = {
			isa = XCBuildConfiguration;
			buildSettings = {
				ALWAYS_SEARCH_USER_PATHS = NO;
				CLANG_ANALYZER_NONNULL = YES;
				CLANG_CXX_LANGUAGE_STANDARD = "gnu++0x";
				CLANG_CXX_LIBRARY = "libc++";
				CLANG_ENABLE_MODULES = YES;
				CLANG_ENABLE_OBJC_ARC = YES;
				CLANG_WARN_BOOL_CONVERSION = YES;
				CLANG_WARN_CONSTANT_CONVERSION = YES;
				CLANG_WARN_DIRECT_OBJC_ISA_USAGE = YES_ERROR;
				CLANG_WARN_DOCUMENTATION_COMMENTS = YES;
				CLANG_WARN_EMPTY_BODY = YES;
				CLANG_WARN_ENUM_CONVERSION = YES;
				CLANG_WARN_INFINITE_RECURSION = YES;
				CLANG_WARN_INT_CONVERSION = YES;
				CLANG_WARN_OBJC_ROOT_CLASS = YES_ERROR;
				CLANG_WARN_SUSPICIOUS_MOVE = YES;
				CLANG_WARN_UNREACHABLE_CODE = YES;
				CLANG_WARN__DUPLICATE_METHOD_MATCH = YES;
				CODE_SIGN_IDENTITY = "-";
				COPY_PHASE_STRIP = NO;
				DEBUG_INFORMATION_FORMAT = "dwarf-with-dsym";
				ENABLE_NS_ASSERTIONS = NO;
				ENABLE_STRICT_OBJC_MSGSEND = YES;
				GCC_C_LANGUAGE_STANDARD = gnu99;
				GCC_NO_COMMON_BLOCKS = YES;
				GCC_WARN_64_TO_32_BIT_CONVERSION = YES;
				GCC_WARN_ABOUT_RETURN_TYPE = YES_ERROR;
				GCC_WARN_UNDECLARED_SELECTOR = YES;
				GCC_WARN_UNINITIALIZED_AUTOS = YES_AGGRESSIVE;
				GCC_WARN_UNUSED_FUNCTION = YES;
				GCC_WARN_UNUSED_VARIABLE = YES;
				MACOSX_DEPLOYMENT_TARGET = 10.11;
				MTL_ENABLE_DEBUG_INFO = NO;
				SDKROOT = macosx;
			};
			name = Release;
		};
		043AC27E201C248D00054A0C /* Debug */ = {
			isa = XCBuildConfiguration;
			buildSettings = {
				CLANG_ENABLE_MODULES = NO;
				HEADER_SEARCH_PATHS = (
					"$(glew_header)",
					"$(glfw_header)",
					"$(gltools_header)",
				);
				LIBRARY_SEARCH_PATHS = (
					"$(glew_lib)",
					"$(glfw_lib)",
					"$(gltools_lib)",
					/usr/local/Cellar/glew/2.1.0/lib,
					/usr/local/Cellar/glfw/3.2.1/lib,
				);
				PRODUCT_NAME = "$(TARGET_NAME)";
			};
			name = Debug;
		};
		043AC27F201C248D00054A0C /* Release */ = {
			isa = XCBuildConfiguration;
			buildSettings = {
				CLANG_ENABLE_MODULES = NO;
				LIBRARY_SEARCH_PATHS = (
					"$(glew_lib)",
					"$(glfw_lib)",
					"$(gltools_lib)",
					/usr/local/Cellar/glew/2.1.0/lib,
					/usr/local/Cellar/glfw/3.2.1/lib,
				);
				PRODUCT_NAME = "$(TARGET_NAME)";
			};
			name = Release;
		};
/* End XCBuildConfiguration section */

/* Begin XCConfigurationList section */
		043AC271201C248D00054A0C /* Build configuration list for PBXProject "opengl3" */ = {
			isa = XCConfigurationList;
			buildConfigurations = (
				043AC27B201C248D00054A0C /* Debug */,
				043AC27C201C248D00054A0C /* Release */,
			);
			defaultConfigurationIsVisible = 0;
			defaultConfigurationName = Release;
		};
		043AC27D201C248D00054A0C /* Build configuration list for PBXNativeTarget "opengl3" */ = {
			isa = XCConfigurationList;
			buildConfigurations = (
				043AC27E201C248D00054A0C /* Debug */,
				043AC27F201C248D00054A0C /* Release */,
			);
			defaultConfigurationIsVisible = 0;
		};
/* End XCConfigurationList section */
	};
	rootObject = 043AC26E201C248D00054A0C /* Project object */;
}
